
Microsoft Visual Studio Solution File, Format Version 12.00
# Visual Studio 15
VisualStudioVersion = 15.0.26430.16
MinimumVisualStudioVersion = 10.0.40219.1
Project("{FAE04EC0-301F-11D3-BF4B-00C04F79EFBC}") = "ValueTuple Exercise", "ValueTuple Exercise\ValueTuple Exercise.csproj", "{15B9C6B7-655F-4263-9EE2-52184F16DCBC}"
EndProject
Global
	GlobalSection(SolutionConfigurationPlatforms) = preSolution
		Debug|Any CPU = Debug|Any CPU
		Release|Any CPU = Release|Any CPU
	EndGlobalSection
	GlobalSection(ProjectConfigurationPlatforms) = postSolution
		{15B9C6B7-655F-4263-9EE2-52184F16DCBC}.Debug|Any CPU.ActiveCfg = Debug|Any CPU
		{15B9C6B7-655F-4263-9EE2-52184F16DCBC}.Debug|Any CPU.Build.0 = Debug|Any CPU
		{15B9C6B7-655F-4263-9EE2-52184F16DCBC}.Release|Any CPU.ActiveCfg = Release|Any CPU
		{15B9C6B7-655F-4263-9EE2-52184F16DCBC}.Release|Any CPU.Build.0 = Release|Any CPU
	EndGlobalSection
	GlobalSection(SolutionProperties) = preSolution
		HideSolutionNode = FALSE
	EndGlobalSection
EndGlobal
